// !$*UTF8*$!
{
	archiveVersion = 1;
	classes = {
	};
	objectVersion = 46;
	objects = {

/* Begin PBXBuildFile section */
		520C15781C94E36300B1F887 /* main.m in Sources */ = {isa = PBXBuildFile; fileRef = 520C15771C94E36300B1F887 /* main.m */; };
		520C157B1C94E36300B1F887 /* AppDelegate.m in Sources */ = {isa = PBXBuildFile; fileRef = 520C157A1C94E36300B1F887 /* AppDelegate.m */; };
		520C157E1C94E36300B1F887 /* ViewController.m in Sources */ = {isa = PBXBuildFile; fileRef = 520C157D1C94E36300B1F887 /* ViewController.m */; };
		520C15811C94E36300B1F887 /* Main.storyboard in Resources */ = {isa = PBXBuildFile; fileRef = 520C157F1C94E36300B1F887 /* Main.storyboard */; };
		520C15831C94E36300B1F887 /* Assets.xcassets in Resources */ = {isa = PBXBuildFile; fileRef = 520C15821C94E36300B1F887 /* Assets.xcassets */; };
		520C15861C94E36300B1F887 /* LaunchScreen.storyboard in Resources */ = {isa = PBXBuildFile; fileRef = 520C15841C94E36300B1F887 /* LaunchScreen.storyboard */; };
		520C15911C94E36300B1F887 /* kwickieTimTests.m in Sources */ = {isa = PBXBuildFile; fileRef = 520C15901C94E36300B1F887 /* kwickieTimTests.m */; };
		520C159C1C94E36300B1F887 /* kwickieTimUITests.m in Sources */ = {isa = PBXBuildFile; fileRef = 520C159B1C94E36300B1F887 /* kwickieTimUITests.m */; };
/* End PBXBuildFile section */

/* Begin PBXContainerItemProxy section */
		520C158D1C94E36300B1F887 /* PBXContainerItemProxy */ = {
			isa = PBXContainerItemProxy;
			containerPortal = 520C156B1C94E36300B1F887 /* Project object */;
			proxyType = 1;
			remoteGlobalIDString = 520C15721C94E36300B1F887;
			remoteInfo = kwickieTim;
		};
		520C15981C94E36300B1F887 /* PBXContainerItemProxy */ = {
			isa = PBXContainerItemProxy;
			containerPortal = 520C156B1C94E36300B1F887 /* Project object */;
			proxyType = 1;
			remoteGlobalIDString = 520C15721C94E36300B1F887;
			remoteInfo = kwickieTim;
		};
/* End PBXContainerItemProxy section */

/* Begin PBXFileReference section */
		520C15731C94E36300B1F887 /* kwickieTim.app */ = {isa = PBXFileReference; explicitFileType = wrapper.application; includeInIndex = 0; path = kwickieTim.app; sourceTree = BUILT_PRODUCTS_DIR; };
		520C15771C94E36300B1F887 /* main.m */ = {isa = PBXFileReference; lastKnownFileType = sourcecode.c.objc; path = main.m; sourceTree = "<group>"; };
		520C15791C94E36300B1F887 /* AppDelegate.h */ = {isa = PBXFileReference; lastKnownFileType = sourcecode.c.h; path = AppDelegate.h; sourceTree = "<group>"; };
		520C157A1C94E36300B1F887 /* AppDelegate.m */ = {isa = PBXFileReference; lastKnownFileType = sourcecode.c.objc; path = AppDelegate.m; sourceTree = "<group>"; };
		520C157C1C94E36300B1F887 /* ViewController.h */ = {isa = PBXFileReference; lastKnownFileType = sourcecode.c.h; path = ViewController.h; sourceTree = "<group>"; };
		520C157D1C94E36300B1F887 /* ViewController.m */ = {isa = PBXFileReference; lastKnownFileType = sourcecode.c.objc; path = ViewController.m; sourceTree = "<group>"; };
		520C15801C94E36300B1F887 /* Base */ = {isa = PBXFileReference; lastKnownFileType = file.storyboard; name = Base; path = Base.lproj/Main.storyboard; sourceTree = "<group>"; };
		520C15821C94E36300B1F887 /* Assets.xcassets */ = {isa = PBXFileReference; lastKnownFileType = folder.assetcatalog; path = Assets.xcassets; sourceTree = "<group>"; };
		520C15851C94E36300B1F887 /* Base */ = {isa = PBXFileReference; lastKnownFileType = file.storyboard; name = Base; path = Base.lproj/LaunchScreen.storyboard; sourceTree = "<group>"; };
		520C15871C94E36300B1F887 /* Info.plist */ = {isa = PBXFileReference; lastKnownFileType = text.plist.xml; path = Info.plist; sourceTree = "<group>"; };
		520C158C1C94E36300B1F887 /* kwickieTimTests.xctest */ = {isa = PBXFileReference; explicitFileType = wrapper.cfbundle; includeInIndex = 0; path = kwickieTimTests.xctest; sourceTree = BUILT_PRODUCTS_DIR; };
		520C15901C94E36300B1F887 /* kwickieTimTests.m */ = {isa = PBXFileReference; lastKnownFileType = sourcecode.c.objc; path = kwickieTimTests.m; sourceTree = "<group>"; };
		520C15921C94E36300B1F887 /* Info.plist */ = {isa = PBXFileReference; lastKnownFileType = text.plist.xml; path = Info.plist; sourceTree = "<group>"; };
		520C15971C94E36300B1F887 /* kwickieTimUITests.xctest */ = {isa = PBXFileReference; explicitFileType = wrapper.cfbundle; includeInIndex = 0; path = kwickieTimUITests.xctest; sourceTree = BUILT_PRODUCTS_DIR; };
		520C159B1C94E36300B1F887 /* kwickieTimUITests.m */ = {isa = PBXFileReference; lastKnownFileType = sourcecode.c.objc; path = kwickieTimUITests.m; sourceTree = "<group>"; };
		520C159D1C94E36300B1F887 /* Info.plist */ = {isa = PBXFileReference; lastKnownFileType = text.plist.xml; path = Info.plist; sourceTree = "<group>"; };
/* End PBXFileReference section */

/* Begin PBXFrameworksBuildPhase section */
		520C15701C94E36300B1F887 /* Frameworks */ = {
			isa = PBXFrameworksBuildPhase;
			buildActionMask = 2147483647;
			files = (
			);
			runOnlyForDeploymentPostprocessing = 0;
		};
		520C15891C94E36300B1F887 /* Frameworks */ = {
			isa = PBXFrameworksBuildPhase;
			buildActionMask = 2147483647;
			files = (
			);
			runOnlyForDeploymentPostprocessing = 0;
		};
		520C15941C94E36300B1F887 /* Frameworks */ = {
			isa = PBXFrameworksBuildPhase;
			buildActionMask = 2147483647;
			files = (
			);
			runOnlyForDeploymentPostprocessing = 0;
		};
/* End PBXFrameworksBuildPhase section */

/* Begin PBXGroup section */
		520C156A1C94E36300B1F887 = {
			isa = PBXGroup;
			children = (
				520C15751C94E36300B1F887 /* kwickieTim */,
				520C158F1C94E36300B1F887 /* kwickieTimTests */,
				520C159A1C94E36300B1F887 /* kwickieTimUITests */,
				520C15741C94E36300B1F887 /* Products */,
			);
			sourceTree = "<group>";
		};
		520C15741C94E36300B1F887 /* Products */ = {
			isa = PBXGroup;
			children = (
				520C15731C94E36300B1F887 /* kwickieTim.app */,
				520C158C1C94E36300B1F887 /* kwickieTimTests.xctest */,
				520C15971C94E36300B1F887 /* kwickieTimUITests.xctest */,
			);
			name = Products;
			sourceTree = "<group>";
		};
		520C15751C94E36300B1F887 /* kwickieTim */ = {
			isa = PBXGroup;
			children = (
				520C15791C94E36300B1F887 /* AppDelegate.h */,
				520C157A1C94E36300B1F887 /* AppDelegate.m */,
				520C157C1C94E36300B1F887 /* ViewController.h */,
				520C157D1C94E36300B1F887 /* ViewController.m */,
				520C157F1C94E36300B1F887 /* Main.storyboard */,
				520C15821C94E36300B1F887 /* Assets.xcassets */,
				520C15841C94E36300B1F887 /* LaunchScreen.storyboard */,
				520C15871C94E36300B1F887 /* Info.plist */,
				520C15761C94E36300B1F887 /* Supporting Files */,
			);
			path = kwickieTim;
			sourceTree = "<group>";
		};
		520C15761C94E36300B1F887 /* Supporting Files */ = {
			isa = PBXGroup;
			children = (
				520C15771C94E36300B1F887 /* main.m */,
			);
			name = "Supporting Files";
			sourceTree = "<group>";
		};
		520C158F1C94E36300B1F887 /* kwickieTimTests */ = {
			isa = PBXGroup;
			children = (
				520C15901C94E36300B1F887 /* kwickieTimTests.m */,
				520C15921C94E36300B1F887 /* Info.plist */,
			);
			path = kwickieTimTests;
			sourceTree = "<group>";
		};
		520C159A1C94E36300B1F887 /* kwickieTimUITests */ = {
			isa = PBXGroup;
			children = (
				520C159B1C94E36300B1F887 /* kwickieTimUITests.m */,
				520C159D1C94E36300B1F887 /* Info.plist */,
			);
			path = kwickieTimUITests;
			sourceTree = "<group>";
		};
/* End PBXGroup section */

/* Begin PBXNativeTarget section */
		520C15721C94E36300B1F887 /* kwickieTim */ = {
			isa = PBXNativeTarget;
			buildConfigurationList = 520C15A01C94E36300B1F887 /* Build configuration list for PBXNativeTarget "kwickieTim" */;
			buildPhases = (
				520C156F1C94E36300B1F887 /* Sources */,
				520C15701C94E36300B1F887 /* Frameworks */,
				520C15711C94E36300B1F887 /* Resources */,
			);
			buildRules = (
			);
			dependencies = (
			);
			name = kwickieTim;
			productName = kwickieTim;
			productReference = 520C15731C94E36300B1F887 /* kwickieTim.app */;
			productType = "com.apple.product-type.application";
		};
		520C158B1C94E36300B1F887 /* kwickieTimTests */ = {
			isa = PBXNativeTarget;
			buildConfigurationList = 520C15A31C94E36300B1F887 /* Build configuration list for PBXNativeTarget "kwickieTimTests" */;
			buildPhases = (
				520C15881C94E36300B1F887 /* Sources */,
				520C15891C94E36300B1F887 /* Frameworks */,
				520C158A1C94E36300B1F887 /* Resources */,
			);
			buildRules = (
			);
			dependencies = (
				520C158E1C94E36300B1F887 /* PBXTargetDependency */,
			);
			name = kwickieTimTests;
			productName = kwickieTimTests;
			productReference = 520C158C1C94E36300B1F887 /* kwickieTimTests.xctest */;
			productType = "com.apple.product-type.bundle.unit-test";
		};
		520C15961C94E36300B1F887 /* kwickieTimUITests */ = {
			isa = PBXNativeTarget;
			buildConfigurationList = 520C15A61C94E36300B1F887 /* Build configuration list for PBXNativeTarget "kwickieTimUITests" */;
			buildPhases = (
				520C15931C94E36300B1F887 /* Sources */,
				520C15941C94E36300B1F887 /* Frameworks */,
				520C15951C94E36300B1F887 /* Resources */,
			);
			buildRules = (
			);
			dependencies = (
				520C15991C94E36300B1F887 /* PBXTargetDependency */,
			);
			name = kwickieTimUITests;
			productName = kwickieTimUITests;
			productReference = 520C15971C94E36300B1F887 /* kwickieTimUITests.xctest */;
			productType = "com.apple.product-type.bundle.ui-testing";
		};
/* End PBXNativeTarget section */

/* Begin PBXProject section */
		520C156B1C94E36300B1F887 /* Project object */ = {
			isa = PBXProject;
			attributes = {
				LastUpgradeCheck = 0720;
				ORGANIZATIONNAME = Tim;
				TargetAttributes = {
					520C15721C94E36300B1F887 = {
						CreatedOnToolsVersion = 7.2;
					};
					520C158B1C94E36300B1F887 = {
						CreatedOnToolsVersion = 7.2;
						TestTargetID = 520C15721C94E36300B1F887;
					};
					520C15961C94E36300B1F887 = {
						CreatedOnToolsVersion = 7.2;
						TestTargetID = 520C15721C94E36300B1F887;
					};
				};
			};
			buildConfigurationList = 520C156E1C94E36300B1F887 /* Build configuration list for PBXProject "kwickieTim" */;
			compatibilityVersion = "Xcode 3.2";
			developmentRegion = English;
			hasScannedForEncodings = 0;
			knownRegions = (
				en,
				Base,
			);
			mainGroup = 520C156A1C94E36300B1F887;
			productRefGroup = 520C15741C94E36300B1F887 /* Products */;
			projectDirPath = "";
			projectRoot = "";
			targets = (
				520C15721C94E36300B1F887 /* kwickieTim */,
				520C158B1C94E36300B1F887 /* kwickieTimTests */,
				520C15961C94E36300B1F887 /* kwickieTimUITests */,
			);
		};
/* End PBXProject section */

/* Begin PBXResourcesBuildPhase section */
		520C15711C94E36300B1F887 /* Resources */ = {
			isa = PBXResourcesBuildPhase;
			buildActionMask = 2147483647;
			files = (
				520C15861C94E36300B1F887 /* LaunchScreen.storyboard in Resources */,
				520C15831C94E36300B1F887 /* Assets.xcassets in Resources */,
				520C15811C94E36300B1F887 /* Main.storyboard in Resources */,
			);
			runOnlyForDeploymentPostprocessing = 0;
		};
		520C158A1C94E36300B1F887 /* Resources */ = {
			isa = PBXResourcesBuildPhase;
			buildActionMask = 2147483647;
			files = (
			);
			runOnlyForDeploymentPostprocessing = 0;
		};
		520C15951C94E36300B1F887 /* Resources */ = {
			isa = PBXResourcesBuildPhase;
			buildActionMask = 2147483647;
			files = (
			);
			runOnlyForDeploymentPostprocessing = 0;
		};
/* End PBXResourcesBuildPhase section */

/* Begin PBXSourcesBuildPhase section */
		520C156F1C94E36300B1F887 /* Sources */ = {
			isa = PBXSourcesBuildPhase;
			buildActionMask = 2147483647;
			files = (
				520C157E1C94E36300B1F887 /* ViewController.m in Sources */,
				520C157B1C94E36300B1F887 /* AppDelegate.m in Sources */,
				520C15781C94E36300B1F887 /* main.m in Sources */,
			);
			runOnlyForDeploymentPostprocessing = 0;
		};
		520C15881C94E36300B1F887 /* Sources */ = {
			isa = PBXSourcesBuildPhase;
			buildActionMask = 2147483647;
			files = (
				520C15911C94E36300B1F887 /* kwickieTimTests.m in Sources */,
			);
			runOnlyForDeploymentPostprocessing = 0;
		};
		520C15931C94E36300B1F887 /* Sources */ = {
			isa = PBXSourcesBuildPhase;
			buildActionMask = 2147483647;
			files = (
				520C159C1C94E36300B1F887 /* kwickieTimUITests.m in Sources */,
			);
			runOnlyForDeploymentPostprocessing = 0;
		};
/* End PBXSourcesBuildPhase section */

/* Begin PBXTargetDependency section */
		520C158E1C94E36300B1F887 /* PBXTargetDependency */ = {
			isa = PBXTargetDependency;
			target = 520C15721C94E36300B1F887 /* kwickieTim */;
			targetProxy = 520C158D1C94E36300B1F887 /* PBXContainerItemProxy */;
		};
		520C15991C94E36300B1F887 /* PBXTargetDependency */ = {
			isa = PBXTargetDependency;
			target = 520C15721C94E36300B1F887 /* kwickieTim */;
			targetProxy = 520C15981C94E36300B1F887 /* PBXContainerItemProxy */;
		};
/* End PBXTargetDependency section */

/* Begin PBXVariantGroup section */
		520C157F1C94E36300B1F887 /* Main.storyboard */ = {
			isa = PBXVariantGroup;
			children = (
				520C15801C94E36300B1F887 /* Base */,
			);
			name = Main.storyboard;
			sourceTree = "<group>";
		};
		520C15841C94E36300B1F887 /* LaunchScreen.storyboard */ = {
			isa = PBXVariantGroup;
			children = (
				520C15851C94E36300B1F887 /* Base */,
			);
			name = LaunchScreen.storyboard;
			sourceTree = "<group>";
		};
/* End PBXVariantGroup section */

/* Begin XCBuildConfiguration section */
		520C159E1C94E36300B1F887 /* Debug */ = {
			isa = XCBuildConfiguration;
			buildSettings = {
				ALWAYS_SEARCH_USER_PATHS = NO;
				CLANG_CXX_LANGUAGE_STANDARD = "gnu++0x";
				CLANG_CXX_LIBRARY = "libc++";
				CLANG_ENABLE_MODULES = YES;
				CLANG_ENABLE_OBJC_ARC = YES;
				CLANG_WARN_BOOL_CONVERSION = YES;
				CLANG_WARN_CONSTANT_CONVERSION = YES;
				CLANG_WARN_DIRECT_OBJC_ISA_USAGE = YES_ERROR;
				CLANG_WARN_EMPTY_BODY = YES;
				CLANG_WARN_ENUM_CONVERSION = YES;
				CLANG_WARN_INT_CONVERSION = YES;
				CLANG_WARN_OBJC_ROOT_CLASS = YES_ERROR;
				CLANG_WARN_UNREACHABLE_CODE = YES;
				CLANG_WARN__DUPLICATE_METHOD_MATCH = YES;
				"CODE_SIGN_IDENTITY[sdk=iphoneos*]" = "iPhone Developer";
				COPY_PHASE_STRIP = NO;
				DEBUG_INFORMATION_FORMAT = dwarf;
				ENABLE_STRICT_OBJC_MSGSEND = YES;
				ENABLE_TESTABILITY = YES;
				GCC_C_LANGUAGE_STANDARD = gnu99;
				GCC_DYNAMIC_NO_PIC = NO;
				GCC_NO_COMMON_BLOCKS = YES;
				GCC_OPTIMIZATION_LEVEL = 0;
				GCC_PREPROCESSOR_DEFINITIONS = (
					"DEBUG=1",
					"$(inherited)",
				);
				GCC_WARN_64_TO_32_BIT_CONVERSION = YES;
				GCC_WARN_ABOUT_RETURN_TYPE = YES_ERROR;
				GCC_WARN_UNDECLARED_SELECTOR = YES;
				GCC_WARN_UNINITIALIZED_AUTOS = YES_AGGRESSIVE;
				GCC_WARN_UNUSED_FUNCTION = YES;
				GCC_WARN_UNUSED_VARIABLE = YES;
				IPHONEOS_DEPLOYMENT_TARGET = 9.2;
				MTL_ENABLE_DEBUG_INFO = YES;
				ONLY_ACTIVE_ARCH = YES;
				SDKROOT = iphoneos;
				TARGETED_DEVICE_FAMILY = "1,2";
			};
			name = Debug;
		};
		520C159F1C94E36300B1F887 /* Release */ = {
			isa = XCBuildConfiguration;
			buildSettings = {
				ALWAYS_SEARCH_USER_PATHS = NO;
				CLANG_CXX_LANGUAGE_STANDARD = "gnu++0x";
				CLANG_CXX_LIBRARY = "libc++";
				CLANG_ENABLE_MODULES = YES;
				CLANG_ENABLE_OBJC_ARC = YES;
				CLANG_WARN_BOOL_CONVERSION = YES;
				CLANG_WARN_CONSTANT_CONVERSION = YES;
				CLANG_WARN_DIRECT_OBJC_ISA_USAGE = YES_ERROR;
				CLANG_WARN_EMPTY_BODY = YES;
				CLANG_WARN_ENUM_CONVERSION = YES;
				CLANG_WARN_INT_CONVERSION = YES;
				CLANG_WARN_OBJC_ROOT_CLASS = YES_ERROR;
				CLANG_WARN_UNREACHABLE_CODE = YES;
				CLANG_WARN__DUPLICATE_METHOD_MATCH = YES;
				"CODE_SIGN_IDENTITY[sdk=iphoneos*]" = "iPhone Developer";
				COPY_PHASE_STRIP = NO;
				DEBUG_INFORMATION_FORMAT = "dwarf-with-dsym";
				ENABLE_NS_ASSERTIONS = NO;
				ENABLE_STRICT_OBJC_MSGSEND = YES;
				GCC_C_LANGUAGE_STANDARD = gnu99;
				GCC_NO_COMMON_BLOCKS = YES;
				GCC_WARN_64_TO_32_BIT_CONVERSION = YES;
				GCC_WARN_ABOUT_RETURN_TYPE = YES_ERROR;
				GCC_WARN_UNDECLARED_SELECTOR = YES;
				GCC_WARN_UNINITIALIZED_AUTOS = YES_AGGRESSIVE;
				GCC_WARN_UNUSED_FUNCTION = YES;
				GCC_WARN_UNUSED_VARIABLE = YES;
				IPHONEOS_DEPLOYMENT_TARGET = 9.2;
				MTL_ENABLE_DEBUG_INFO = NO;
				SDKROOT = iphoneos;
				TARGETED_DEVICE_FAMILY = "1,2";
				VALIDATE_PRODUCT = YES;
			};
			name = Release;
		};
		520C15A11C94E36300B1F887 /* Debug */ = {
			isa = XCBuildConfiguration;
			buildSettings = {
				ASSETCATALOG_COMPILER_APPICON_NAME = AppIcon;
				INFOPLIST_FILE = kwickieTim/Info.plist;
				LD_RUNPATH_SEARCH_PATHS = "$(inherited) @executable_path/Frameworks";
				PRODUCT_BUNDLE_IDENTIFIER = co.za.timothy.kwickieTim;
				PRODUCT_NAME = "$(TARGET_NAME)";
			};
			name = Debug;
		};
		520C15A21C94E36300B1F887 /* Release */ = {
			isa = XCBuildConfiguration;
			buildSettings = {
				ASSETCATALOG_COMPILER_APPICON_NAME = AppIcon;
				INFOPLIST_FILE = kwickieTim/Info.plist;
				LD_RUNPATH_SEARCH_PATHS = "$(inherited) @executable_path/Frameworks";
				PRODUCT_BUNDLE_IDENTIFIER = co.za.timothy.kwickieTim;
				PRODUCT_NAME = "$(TARGET_NAME)";
			};
			name = Release;
		};
		520C15A41C94E36300B1F887 /* Debug */ = {
			isa = XCBuildConfiguration;
			buildSettings = {
				BUNDLE_LOADER = "$(TEST_HOST)";
				INFOPLIST_FILE = kwickieTimTests/Info.plist;
				LD_RUNPATH_SEARCH_PATHS = "$(inherited) @executable_path/Frameworks @loader_path/Frameworks";
				PRODUCT_BUNDLE_IDENTIFIER = co.za.timothy.kwickieTimTests;
				PRODUCT_NAME = "$(TARGET_NAME)";
				TEST_HOST = "$(BUILT_PRODUCTS_DIR)/kwickieTim.app/kwickieTim";
			};
			name = Debug;
		};
		520C15A51C94E36300B1F887 /* Release */ = {
			isa = XCBuildConfiguration;
			buildSettings = {
				BUNDLE_LOADER = "$(TEST_HOST)";
				INFOPLIST_FILE = kwickieTimTests/Info.plist;
				LD_RUNPATH_SEARCH_PATHS = "$(inherited) @executable_path/Frameworks @loader_path/Frameworks";
				PRODUCT_BUNDLE_IDENTIFIER = co.za.timothy.kwickieTimTests;
				PRODUCT_NAME = "$(TARGET_NAME)";
				TEST_HOST = "$(BUILT_PRODUCTS_DIR)/kwickieTim.app/kwickieTim";
			};
			name = Release;
		};
		520C15A71C94E36300B1F887 /* Debug */ = {
			isa = XCBuildConfiguration;
			buildSettings = {
				INFOPLIST_FILE = kwickieTimUITests/Info.plist;
				LD_RUNPATH_SEARCH_PATHS = "$(inherited) @executable_path/Frameworks @loader_path/Frameworks";
				PRODUCT_BUNDLE_IDENTIFIER = co.za.timothy.kwickieTimUITests;
				PRODUCT_NAME = "$(TARGET_NAME)";
				TEST_TARGET_NAME = kwickieTim;
				USES_XCTRUNNER = YES;
			};
			name = Debug;
		};
		520C15A81C94E36300B1F887 /* Release */ = {
			isa = XCBuildConfiguration;
			buildSettings = {
				INFOPLIST_FILE = kwickieTimUITests/Info.plist;
				LD_RUNPATH_SEARCH_PATHS = "$(inherited) @executable_path/Frameworks @loader_path/Frameworks";
				PRODUCT_BUNDLE_IDENTIFIER = co.za.timothy.kwickieTimUITests;
				PRODUCT_NAME = "$(TARGET_NAME)";
				TEST_TARGET_NAME = kwickieTim;
				USES_XCTRUNNER = YES;
			};
			name = Release;
		};
/* End XCBuildConfiguration section */

/* Begin XCConfigurationList section */
		520C156E1C94E36300B1F887 /* Build configuration list for PBXProject "kwickieTim" */ = {
			isa = XCConfigurationList;
			buildConfigurations = (
				520C159E1C94E36300B1F887 /* Debug */,
				520C159F1C94E36300B1F887 /* Release */,
			);
			defaultConfigurationIsVisible = 0;
			defaultConfigurationName = Release;
		};
		520C15A01C94E36300B1F887 /* Build configuration list for PBXNativeTarget "kwickieTim" */ = {
			isa = XCConfigurationList;
			buildConfigurations = (
				520C15A11C94E36300B1F887 /* Debug */,
				520C15A21C94E36300B1F887 /* Release */,
			);
			defaultConfigurationIsVisible = 0;
		};
		520C15A31C94E36300B1F887 /* Build configuration list for PBXNativeTarget "kwickieTimTests" */ = {
			isa = XCConfigurationList;
			buildConfigurations = (
				520C15A41C94E36300B1F887 /* Debug */,
				520C15A51C94E36300B1F887 /* Release */,
			);
			defaultConfigurationIsVisible = 0;
		};
		520C15A61C94E36300B1F887 /* Build configuration list for PBXNativeTarget "kwickieTimUITests" */ = {
			isa = XCConfigurationList;
			buildConfigurations = (
				520C15A71C94E36300B1F887 /* Debug */,
				520C15A81C94E36300B1F887 /* Release */,
			);
			defaultConfigurationIsVisible = 0;
		};
/* End XCConfigurationList section */
	};
	rootObject = 520C156B1C94E36300B1F887 /* Project object */;
}
